
Microsoft Visual Studio Solution File, Format Version 12.00
# Visual Studio Version 17
VisualStudioVersion = 17.0.32014.148
MinimumVisualStudioVersion = 10.0.40219.1
Project("{8BC9CEB8-8B4A-11D0-8D11-00A0C91BC942}") = "TrimBlanks", "task2\TrimBlanks.vcxproj", "{F88A08B1-575B-4613-8921-2ABF4BE6EE6D}"
EndProject
Project("{8BC9CEB8-8B4A-11D0-8D11-00A0C91BC942}") = "TrimBlanksTests", "task2\TrimBlanksTests\TrimBlanksTests.vcxproj", "{2DEBDEEE-8223-41D3-8655-6A40EBD2C157}"
EndProject
Project("{8BC9CEB8-8B4A-11D0-8D11-00A0C91BC942}") = "TrimBlanksTestsWithCatch", "TrimBlanksTestsWithCatch\TrimBlanksTestsWithCatch.vcxproj", "{D3417870-823E-4655-9C94-70532C42B4B6}"
EndProject
Project("{8BC9CEB8-8B4A-11D0-8D11-00A0C91BC942}") = "task6", "task6\task6.vcxproj", "{E3AFD664-3168-4996-80B6-725BB45BD4CD}"
EndProject
Project("{8BC9CEB8-8B4A-11D0-8D11-00A0C91BC942}") = "task6_tests", "task6_tests\task6_tests.vcxproj", "{EF52878E-2E0B-4742-8D6B-7E28C4174127}"
EndProject
Global
	GlobalSection(SolutionConfigurationPlatforms) = preSolution
		Debug|Win32 = Debug|Win32
		Debug|x64 = Debug|x64
		Release|Win32 = Release|Win32
		Release|x64 = Release|x64
	EndGlobalSection
	GlobalSection(ProjectConfigurationPlatforms) = postSolution
		{F88A08B1-575B-4613-8921-2ABF4BE6EE6D}.Debug|Win32.ActiveCfg = Debug|Win32
		{F88A08B1-575B-4613-8921-2ABF4BE6EE6D}.Debug|Win32.Build.0 = Debug|Win32
		{F88A08B1-575B-4613-8921-2ABF4BE6EE6D}.Debug|x64.ActiveCfg = Debug|x64
		{F88A08B1-575B-4613-8921-2ABF4BE6EE6D}.Release|Win32.ActiveCfg = Release|Win32
		{F88A08B1-575B-4613-8921-2ABF4BE6EE6D}.Release|Win32.Build.0 = Release|Win32
		{F88A08B1-575B-4613-8921-2ABF4BE6EE6D}.Release|x64.ActiveCfg = Release|x64
		{F88A08B1-575B-4613-8921-2ABF4BE6EE6D}.Release|x64.Build.0 = Release|x64
		{2DEBDEEE-8223-41D3-8655-6A40EBD2C157}.Debug|Win32.ActiveCfg = Debug|Win32
		{2DEBDEEE-8223-41D3-8655-6A40EBD2C157}.Debug|Win32.Build.0 = Debug|Win32
		{2DEBDEEE-8223-41D3-8655-6A40EBD2C157}.Debug|x64.ActiveCfg = Debug|x64
		{2DEBDEEE-8223-41D3-8655-6A40EBD2C157}.Release|Win32.ActiveCfg = Release|Win32
		{2DEBDEEE-8223-41D3-8655-6A40EBD2C157}.Release|Win32.Build.0 = Release|Win32
		{2DEBDEEE-8223-41D3-8655-6A40EBD2C157}.Release|x64.ActiveCfg = Release|x64
		{2DEBDEEE-8223-41D3-8655-6A40EBD2C157}.Release|x64.Build.0 = Release|x64
		{D3417870-823E-4655-9C94-70532C42B4B6}.Debug|Win32.ActiveCfg = Debug|Win32
		{D3417870-823E-4655-9C94-70532C42B4B6}.Debug|Win32.Build.0 = Debug|Win32
		{D3417870-823E-4655-9C94-70532C42B4B6}.Debug|x64.ActiveCfg = Debug|x64
		{D3417870-823E-4655-9C94-70532C42B4B6}.Release|Win32.ActiveCfg = Release|Win32
		{D3417870-823E-4655-9C94-70532C42B4B6}.Release|Win32.Build.0 = Release|Win32
		{D3417870-823E-4655-9C94-70532C42B4B6}.Release|x64.ActiveCfg = Release|x64
		{D3417870-823E-4655-9C94-70532C42B4B6}.Release|x64.Build.0 = Release|x64
		{E3AFD664-3168-4996-80B6-725BB45BD4CD}.Debug|Win32.ActiveCfg = Debug|Win32
		{E3AFD664-3168-4996-80B6-725BB45BD4CD}.Debug|Win32.Build.0 = Debug|Win32
		{E3AFD664-3168-4996-80B6-725BB45BD4CD}.Debug|x64.ActiveCfg = Debug|x64
		{E3AFD664-3168-4996-80B6-725BB45BD4CD}.Debug|x64.Build.0 = Debug|x64
		{E3AFD664-3168-4996-80B6-725BB45BD4CD}.Release|Win32.ActiveCfg = Release|Win32
		{E3AFD664-3168-4996-80B6-725BB45BD4CD}.Release|Win32.Build.0 = Release|Win32
		{E3AFD664-3168-4996-80B6-725BB45BD4CD}.Release|x64.ActiveCfg = Release|x64
		{E3AFD664-3168-4996-80B6-725BB45BD4CD}.Release|x64.Build.0 = Release|x64
		{EF52878E-2E0B-4742-8D6B-7E28C4174127}.Debug|Win32.ActiveCfg = Debug|Win32
		{EF52878E-2E0B-4742-8D6B-7E28C4174127}.Debug|Win32.Build.0 = Debug|Win32
		{EF52878E-2E0B-4742-8D6B-7E28C4174127}.Debug|x64.ActiveCfg = Debug|x64
		{EF52878E-2E0B-4742-8D6B-7E28C4174127}.Debug|x64.Build.0 = Debug|x64
		{EF52878E-2E0B-4742-8D6B-7E28C4174127}.Release|Win32.ActiveCfg = Release|Win32
		{EF52878E-2E0B-4742-8D6B-7E28C4174127}.Release|Win32.Build.0 = Release|Win32
		{EF52878E-2E0B-4742-8D6B-7E28C4174127}.Release|x64.ActiveCfg = Release|x64
		{EF52878E-2E0B-4742-8D6B-7E28C4174127}.Release|x64.Build.0 = Release|x64
	EndGlobalSection
	GlobalSection(SolutionProperties) = preSolution
		HideSolutionNode = FALSE
	EndGlobalSection
	GlobalSection(ExtensibilityGlobals) = postSolution
		SolutionGuid = {A47D2CEA-43CB-451B-9DCE-1D44F6D5C6A2}
	EndGlobalSection
EndGlobal
