
Microsoft Visual Studio Solution File, Format Version 12.00
# Visual Studio Version 17
VisualStudioVersion = 17.0.32014.148
MinimumVisualStudioVersion = 10.0.40219.1
Project("{8BC9CEB8-8B4A-11D0-8D11-00A0C91BC942}") = "VectorBasics", "VectorBasics\VectorBasics.vcxproj", "{3473DD26-F354-445B-BFE2-FBA3C4537101}"
EndProject
Project("{8BC9CEB8-8B4A-11D0-8D11-00A0C91BC942}") = "ExpandTemplate", "ExpandTemplate\ExpandTemplate.vcxproj", "{4C261A84-45B8-4791-8391-80AECC1463BE}"
EndProject
Project("{8BC9CEB8-8B4A-11D0-8D11-00A0C91BC942}") = "VectorBasicsCatchTests", "VectorBasicsCatchTests\VectorBasicsCatchTests.vcxproj", "{5DEA1C59-36D2-47C5-BB9C-B6BFA40EB599}"
EndProject
Project("{8BC9CEB8-8B4A-11D0-8D11-00A0C91BC942}") = "HTMLDecode", "HTMLDecode\HTMLDecode.vcxproj", "{0D1D4D33-B1DA-42E1-82D0-32E5575DE4B1}"
EndProject
Project("{8BC9CEB8-8B4A-11D0-8D11-00A0C91BC942}") = "Dictionary", "Dictionary\Dictionary.vcxproj", "{7C1AD880-7E57-4442-BA96-B0A608CCC1E4}"
EndProject
Project("{8BC9CEB8-8B4A-11D0-8D11-00A0C91BC942}") = "PrimeNumberGenerator", "PrimeNumberGenerator\PrimeNumberGenerator.vcxproj", "{E0D1B19E-91AA-4749-9F89-4593D32F2174}"
EndProject
Project("{8BC9CEB8-8B4A-11D0-8D11-00A0C91BC942}") = "PrimeNumberGeneratorTests", "PrimeNumberGeneratorTests\PrimeNumberGeneratorTests.vcxproj", "{25E21E5C-F743-4E43-9AB8-BA5364EBCFA9}"
EndProject
Project("{8BC9CEB8-8B4A-11D0-8D11-00A0C91BC942}") = "ExpandTemplateTests", "ExpandTemplateTests\ExpandTemplateTests.vcxproj", "{887875CF-C5B1-46DB-B336-223E48FFB256}"
EndProject
Global
	GlobalSection(SolutionConfigurationPlatforms) = preSolution
		Debug|Win32 = Debug|Win32
		Debug|x64 = Debug|x64
		Release|Win32 = Release|Win32
		Release|x64 = Release|x64
	EndGlobalSection
	GlobalSection(ProjectConfigurationPlatforms) = postSolution
		{3473DD26-F354-445B-BFE2-FBA3C4537101}.Debug|Win32.ActiveCfg = Debug|Win32
		{3473DD26-F354-445B-BFE2-FBA3C4537101}.Debug|Win32.Build.0 = Debug|Win32
		{3473DD26-F354-445B-BFE2-FBA3C4537101}.Debug|x64.ActiveCfg = Debug|x64
		{3473DD26-F354-445B-BFE2-FBA3C4537101}.Debug|x64.Build.0 = Debug|x64
		{3473DD26-F354-445B-BFE2-FBA3C4537101}.Release|Win32.ActiveCfg = Release|Win32
		{3473DD26-F354-445B-BFE2-FBA3C4537101}.Release|Win32.Build.0 = Release|Win32
		{3473DD26-F354-445B-BFE2-FBA3C4537101}.Release|x64.ActiveCfg = Release|x64
		{3473DD26-F354-445B-BFE2-FBA3C4537101}.Release|x64.Build.0 = Release|x64
		{4C261A84-45B8-4791-8391-80AECC1463BE}.Debug|Win32.ActiveCfg = Debug|Win32
		{4C261A84-45B8-4791-8391-80AECC1463BE}.Debug|Win32.Build.0 = Debug|Win32
		{4C261A84-45B8-4791-8391-80AECC1463BE}.Debug|x64.ActiveCfg = Debug|x64
		{4C261A84-45B8-4791-8391-80AECC1463BE}.Debug|x64.Build.0 = Debug|x64
		{4C261A84-45B8-4791-8391-80AECC1463BE}.Release|Win32.ActiveCfg = Release|Win32
		{4C261A84-45B8-4791-8391-80AECC1463BE}.Release|Win32.Build.0 = Release|Win32
		{4C261A84-45B8-4791-8391-80AECC1463BE}.Release|x64.ActiveCfg = Release|x64
		{4C261A84-45B8-4791-8391-80AECC1463BE}.Release|x64.Build.0 = Release|x64
		{5DEA1C59-36D2-47C5-BB9C-B6BFA40EB599}.Debug|Win32.ActiveCfg = Debug|Win32
		{5DEA1C59-36D2-47C5-BB9C-B6BFA40EB599}.Debug|Win32.Build.0 = Debug|Win32
		{5DEA1C59-36D2-47C5-BB9C-B6BFA40EB599}.Debug|x64.ActiveCfg = Debug|x64
		{5DEA1C59-36D2-47C5-BB9C-B6BFA40EB599}.Debug|x64.Build.0 = Debug|x64
		{5DEA1C59-36D2-47C5-BB9C-B6BFA40EB599}.Release|Win32.ActiveCfg = Release|Win32
		{5DEA1C59-36D2-47C5-BB9C-B6BFA40EB599}.Release|Win32.Build.0 = Release|Win32
		{5DEA1C59-36D2-47C5-BB9C-B6BFA40EB599}.Release|x64.ActiveCfg = Release|x64
		{5DEA1C59-36D2-47C5-BB9C-B6BFA40EB599}.Release|x64.Build.0 = Release|x64
		{0D1D4D33-B1DA-42E1-82D0-32E5575DE4B1}.Debug|Win32.ActiveCfg = Debug|Win32
		{0D1D4D33-B1DA-42E1-82D0-32E5575DE4B1}.Debug|Win32.Build.0 = Debug|Win32
		{0D1D4D33-B1DA-42E1-82D0-32E5575DE4B1}.Debug|x64.ActiveCfg = Debug|x64
		{0D1D4D33-B1DA-42E1-82D0-32E5575DE4B1}.Debug|x64.Build.0 = Debug|x64
		{0D1D4D33-B1DA-42E1-82D0-32E5575DE4B1}.Release|Win32.ActiveCfg = Release|Win32
		{0D1D4D33-B1DA-42E1-82D0-32E5575DE4B1}.Release|Win32.Build.0 = Release|Win32
		{0D1D4D33-B1DA-42E1-82D0-32E5575DE4B1}.Release|x64.ActiveCfg = Release|x64
		{0D1D4D33-B1DA-42E1-82D0-32E5575DE4B1}.Release|x64.Build.0 = Release|x64
		{7C1AD880-7E57-4442-BA96-B0A608CCC1E4}.Debug|Win32.ActiveCfg = Debug|Win32
		{7C1AD880-7E57-4442-BA96-B0A608CCC1E4}.Debug|Win32.Build.0 = Debug|Win32
		{7C1AD880-7E57-4442-BA96-B0A608CCC1E4}.Debug|x64.ActiveCfg = Debug|x64
		{7C1AD880-7E57-4442-BA96-B0A608CCC1E4}.Debug|x64.Build.0 = Debug|x64
		{7C1AD880-7E57-4442-BA96-B0A608CCC1E4}.Release|Win32.ActiveCfg = Release|Win32
		{7C1AD880-7E57-4442-BA96-B0A608CCC1E4}.Release|Win32.Build.0 = Release|Win32
		{7C1AD880-7E57-4442-BA96-B0A608CCC1E4}.Release|x64.ActiveCfg = Release|x64
		{7C1AD880-7E57-4442-BA96-B0A608CCC1E4}.Release|x64.Build.0 = Release|x64
		{E0D1B19E-91AA-4749-9F89-4593D32F2174}.Debug|Win32.ActiveCfg = Debug|Win32
		{E0D1B19E-91AA-4749-9F89-4593D32F2174}.Debug|Win32.Build.0 = Debug|Win32
		{E0D1B19E-91AA-4749-9F89-4593D32F2174}.Debug|x64.ActiveCfg = Debug|x64
		{E0D1B19E-91AA-4749-9F89-4593D32F2174}.Debug|x64.Build.0 = Debug|x64
		{E0D1B19E-91AA-4749-9F89-4593D32F2174}.Release|Win32.ActiveCfg = Release|Win32
		{E0D1B19E-91AA-4749-9F89-4593D32F2174}.Release|Win32.Build.0 = Release|Win32
		{E0D1B19E-91AA-4749-9F89-4593D32F2174}.Release|x64.ActiveCfg = Release|x64
		{E0D1B19E-91AA-4749-9F89-4593D32F2174}.Release|x64.Build.0 = Release|x64
		{25E21E5C-F743-4E43-9AB8-BA5364EBCFA9}.Debug|Win32.ActiveCfg = Debug|Win32
		{25E21E5C-F743-4E43-9AB8-BA5364EBCFA9}.Debug|Win32.Build.0 = Debug|Win32
		{25E21E5C-F743-4E43-9AB8-BA5364EBCFA9}.Debug|x64.ActiveCfg = Debug|x64
		{25E21E5C-F743-4E43-9AB8-BA5364EBCFA9}.Debug|x64.Build.0 = Debug|x64
		{25E21E5C-F743-4E43-9AB8-BA5364EBCFA9}.Release|Win32.ActiveCfg = Release|Win32
		{25E21E5C-F743-4E43-9AB8-BA5364EBCFA9}.Release|Win32.Build.0 = Release|Win32
		{25E21E5C-F743-4E43-9AB8-BA5364EBCFA9}.Release|x64.ActiveCfg = Release|x64
		{25E21E5C-F743-4E43-9AB8-BA5364EBCFA9}.Release|x64.Build.0 = Release|x64
		{887875CF-C5B1-46DB-B336-223E48FFB256}.Debug|Win32.ActiveCfg = Debug|Win32
		{887875CF-C5B1-46DB-B336-223E48FFB256}.Debug|Win32.Build.0 = Debug|Win32
		{887875CF-C5B1-46DB-B336-223E48FFB256}.Debug|x64.ActiveCfg = Debug|x64
		{887875CF-C5B1-46DB-B336-223E48FFB256}.Debug|x64.Build.0 = Debug|x64
		{887875CF-C5B1-46DB-B336-223E48FFB256}.Release|Win32.ActiveCfg = Release|Win32
		{887875CF-C5B1-46DB-B336-223E48FFB256}.Release|Win32.Build.0 = Release|Win32
		{887875CF-C5B1-46DB-B336-223E48FFB256}.Release|x64.ActiveCfg = Release|x64
		{887875CF-C5B1-46DB-B336-223E48FFB256}.Release|x64.Build.0 = Release|x64
	EndGlobalSection
	GlobalSection(SolutionProperties) = preSolution
		HideSolutionNode = FALSE
	EndGlobalSection
	GlobalSection(ExtensibilityGlobals) = postSolution
		SolutionGuid = {A47D2CEA-43CB-451B-9DCE-1D44F6D5C6A2}
	EndGlobalSection
EndGlobal
